
Microsoft Visual Studio Solution File, Format Version 11.00
# Visual Studio 2010
Project("{FAE04EC0-301F-11D3-BF4B-00C04F79EFBC}") = "OldUnit.Approvals.InteropWrapper", "OldUnit.Approvals.InteropWrapper\OldUnit.Approvals.InteropWrapper.csproj", "{6A89E355-642C-4757-A1C6-381F763B665A}"
EndProject
Project("{FAE04EC0-301F-11D3-BF4B-00C04F79EFBC}") = "OldUnit.InteropWrapper.Exploring", "OldUnit.InteropWrapper.Exploring\OldUnit.InteropWrapper.Exploring.csproj", "{6887D382-FFED-4B25-A831-1BED4F02AD1D}"
EndProject
Project("{FAE04EC0-301F-11D3-BF4B-00C04F79EFBC}") = "OldUnit.Approvals.InteropWrapper.Test", "OldUnit.Approvals.InteropWrapper.Test\OldUnit.Approvals.InteropWrapper.Test.csproj", "{A3CD2054-D4DF-410C-87C0-3289141F2BE1}"
EndProject
Global
	GlobalSection(SolutionConfigurationPlatforms) = preSolution
		Debug|Any CPU = Debug|Any CPU
		Debug|Mixed Platforms = Debug|Mixed Platforms
		Debug|x86 = Debug|x86
		Release|Any CPU = Release|Any CPU
		Release|Mixed Platforms = Release|Mixed Platforms
		Release|x86 = Release|x86
	EndGlobalSection
	GlobalSection(ProjectConfigurationPlatforms) = postSolution
		{6A89E355-642C-4757-A1C6-381F763B665A}.Debug|Any CPU.ActiveCfg = Debug|Any CPU
		{6A89E355-642C-4757-A1C6-381F763B665A}.Debug|Any CPU.Build.0 = Debug|Any CPU
		{6A89E355-642C-4757-A1C6-381F763B665A}.Debug|Mixed Platforms.ActiveCfg = Debug|Any CPU
		{6A89E355-642C-4757-A1C6-381F763B665A}.Debug|Mixed Platforms.Build.0 = Debug|Any CPU
		{6A89E355-642C-4757-A1C6-381F763B665A}.Debug|x86.ActiveCfg = Debug|Any CPU
		{6A89E355-642C-4757-A1C6-381F763B665A}.Release|Any CPU.ActiveCfg = Release|Any CPU
		{6A89E355-642C-4757-A1C6-381F763B665A}.Release|Any CPU.Build.0 = Release|Any CPU
		{6A89E355-642C-4757-A1C6-381F763B665A}.Release|Mixed Platforms.ActiveCfg = Release|Any CPU
		{6A89E355-642C-4757-A1C6-381F763B665A}.Release|Mixed Platforms.Build.0 = Release|Any CPU
		{6A89E355-642C-4757-A1C6-381F763B665A}.Release|x86.ActiveCfg = Release|Any CPU
		{6887D382-FFED-4B25-A831-1BED4F02AD1D}.Debug|Any CPU.ActiveCfg = Debug|x86
		{6887D382-FFED-4B25-A831-1BED4F02AD1D}.Debug|Mixed Platforms.ActiveCfg = Debug|x86
		{6887D382-FFED-4B25-A831-1BED4F02AD1D}.Debug|Mixed Platforms.Build.0 = Debug|x86
		{6887D382-FFED-4B25-A831-1BED4F02AD1D}.Debug|x86.ActiveCfg = Debug|x86
		{6887D382-FFED-4B25-A831-1BED4F02AD1D}.Debug|x86.Build.0 = Debug|x86
		{6887D382-FFED-4B25-A831-1BED4F02AD1D}.Release|Any CPU.ActiveCfg = Release|x86
		{6887D382-FFED-4B25-A831-1BED4F02AD1D}.Release|Mixed Platforms.ActiveCfg = Release|x86
		{6887D382-FFED-4B25-A831-1BED4F02AD1D}.Release|Mixed Platforms.Build.0 = Release|x86
		{6887D382-FFED-4B25-A831-1BED4F02AD1D}.Release|x86.ActiveCfg = Release|x86
		{6887D382-FFED-4B25-A831-1BED4F02AD1D}.Release|x86.Build.0 = Release|x86
		{A3CD2054-D4DF-410C-87C0-3289141F2BE1}.Debug|Any CPU.ActiveCfg = Debug|Any CPU
		{A3CD2054-D4DF-410C-87C0-3289141F2BE1}.Debug|Any CPU.Build.0 = Debug|Any CPU
		{A3CD2054-D4DF-410C-87C0-3289141F2BE1}.Debug|Mixed Platforms.ActiveCfg = Debug|Any CPU
		{A3CD2054-D4DF-410C-87C0-3289141F2BE1}.Debug|Mixed Platforms.Build.0 = Debug|Any CPU
		{A3CD2054-D4DF-410C-87C0-3289141F2BE1}.Debug|x86.ActiveCfg = Debug|Any CPU
		{A3CD2054-D4DF-410C-87C0-3289141F2BE1}.Release|Any CPU.ActiveCfg = Release|Any CPU
		{A3CD2054-D4DF-410C-87C0-3289141F2BE1}.Release|Any CPU.Build.0 = Release|Any CPU
		{A3CD2054-D4DF-410C-87C0-3289141F2BE1}.Release|Mixed Platforms.ActiveCfg = Release|Any CPU
		{A3CD2054-D4DF-410C-87C0-3289141F2BE1}.Release|Mixed Platforms.Build.0 = Release|Any CPU
		{A3CD2054-D4DF-410C-87C0-3289141F2BE1}.Release|x86.ActiveCfg = Release|Any CPU
	EndGlobalSection
	GlobalSection(SolutionProperties) = preSolution
		HideSolutionNode = FALSE
	EndGlobalSection
EndGlobal
